// !$*UTF8*$!
{
	archiveVersion = 1;
	classes = {
	};
	objectVersion = 70;
	objects = {

/* Begin PBXBuildFile section */
		931676E02C8DBC11001FAE70 /* AppDelegate.swift in Sources */ = {isa = PBXBuildFile; fileRef = 931676DF2C8DBC11001FAE70 /* AppDelegate.swift */; };
		931676E22C8DBC11001FAE70 /* SceneDelegate.swift in Sources */ = {isa = PBXBuildFile; fileRef = 931676E12C8DBC11001FAE70 /* SceneDelegate.swift */; };
		931676E42C8DBC11001FAE70 /* ViewController.swift in Sources */ = {isa = PBXBuildFile; fileRef = 931676E32C8DBC11001FAE70 /* ViewController.swift */; };
		931676E92C8DBC13001FAE70 /* Assets.xcassets in Resources */ = {isa = PBXBuildFile; fileRef = 931676E82C8DBC13001FAE70 /* Assets.xcassets */; };
		931676EC2C8DBC13001FAE70 /* Base in Resources */ = {isa = PBXBuildFile; fileRef = 931676EB2C8DBC13001FAE70 /* Base */; };
		936AF8852CAC1D96005D36B6 /* MediaType.swift in Sources */ = {isa = PBXBuildFile; fileRef = 936AF8842CAC1D96005D36B6 /* MediaType.swift */; };
		93D487D42C8EBE3D00AAB955 /* Apod.swift in Sources */ = {isa = PBXBuildFile; fileRef = 93D487D32C8EBE3D00AAB955 /* Apod.swift */; };
		93D487D62C8EBEDB00AAB955 /* APICaller.swift in Sources */ = {isa = PBXBuildFile; fileRef = 93D487D52C8EBEDB00AAB955 /* APICaller.swift */; };
		93D487D82C8EBF4E00AAB955 /* Bundle+.swift in Sources */ = {isa = PBXBuildFile; fileRef = 93D487D72C8EBF4E00AAB955 /* Bundle+.swift */; };
		93D487DA2C8EBFC300AAB955 /* APIError.swift in Sources */ = {isa = PBXBuildFile; fileRef = 93D487D92C8EBFC300AAB955 /* APIError.swift */; };
		93D487DC2C8ED19000AAB955 /* UIColor+.swift in Sources */ = {isa = PBXBuildFile; fileRef = 93D487DB2C8ED19000AAB955 /* UIColor+.swift */; };
		93D487DE2C8ED75500AAB955 /* ImageCacheManager.swift in Sources */ = {isa = PBXBuildFile; fileRef = 93D487DD2C8ED75500AAB955 /* ImageCacheManager.swift */; };
		93D487E02C8EDBB900AAB955 /* ImageCacheManagerError.swift in Sources */ = {isa = PBXBuildFile; fileRef = 93D487DF2C8EDBB900AAB955 /* ImageCacheManagerError.swift */; };
/* End PBXBuildFile section */

/* Begin PBXContainerItemProxy section */
		9364DD312CDCABBF0054D824 /* PBXContainerItemProxy */ = {
			isa = PBXContainerItemProxy;
			containerPortal = 931676D42C8DBC11001FAE70 /* Project object */;
			proxyType = 1;
			remoteGlobalIDString = 931676DB2C8DBC11001FAE70;
			remoteInfo = APOD;
		};
/* End PBXContainerItemProxy section */

/* Begin PBXFileReference section */
		931676DC2C8DBC11001FAE70 /* APOD.app */ = {isa = PBXFileReference; explicitFileType = wrapper.application; includeInIndex = 0; path = APOD.app; sourceTree = BUILT_PRODUCTS_DIR; };
		931676DF2C8DBC11001FAE70 /* AppDelegate.swift */ = {isa = PBXFileReference; lastKnownFileType = sourcecode.swift; path = AppDelegate.swift; sourceTree = "<group>"; };
		931676E12C8DBC11001FAE70 /* SceneDelegate.swift */ = {isa = PBXFileReference; lastKnownFileType = sourcecode.swift; path = SceneDelegate.swift; sourceTree = "<group>"; };
		931676E32C8DBC11001FAE70 /* ViewController.swift */ = {isa = PBXFileReference; lastKnownFileType = sourcecode.swift; path = ViewController.swift; sourceTree = "<group>"; };
		931676E82C8DBC13001FAE70 /* Assets.xcassets */ = {isa = PBXFileReference; lastKnownFileType = folder.assetcatalog; path = Assets.xcassets; sourceTree = "<group>"; };
		931676EB2C8DBC13001FAE70 /* Base */ = {isa = PBXFileReference; lastKnownFileType = file.storyboard; name = Base; path = Base.lproj/LaunchScreen.storyboard; sourceTree = "<group>"; };
		931676ED2C8DBC13001FAE70 /* Info.plist */ = {isa = PBXFileReference; lastKnownFileType = text.plist.xml; path = Info.plist; sourceTree = "<group>"; };
		931676F42C8DC20A001FAE70 /* Secret.xcconfig */ = {isa = PBXFileReference; lastKnownFileType = text.xcconfig; path = Secret.xcconfig; sourceTree = "<group>"; };
		9364DD2D2CDCABBF0054D824 /* APODTests.xctest */ = {isa = PBXFileReference; explicitFileType = wrapper.cfbundle; includeInIndex = 0; path = APODTests.xctest; sourceTree = BUILT_PRODUCTS_DIR; };
		936AF8842CAC1D96005D36B6 /* MediaType.swift */ = {isa = PBXFileReference; lastKnownFileType = sourcecode.swift; path = MediaType.swift; sourceTree = "<group>"; };
		93D487D32C8EBE3D00AAB955 /* Apod.swift */ = {isa = PBXFileReference; lastKnownFileType = sourcecode.swift; path = Apod.swift; sourceTree = "<group>"; };
		93D487D52C8EBEDB00AAB955 /* APICaller.swift */ = {isa = PBXFileReference; lastKnownFileType = sourcecode.swift; path = APICaller.swift; sourceTree = "<group>"; };
		93D487D72C8EBF4E00AAB955 /* Bundle+.swift */ = {isa = PBXFileReference; lastKnownFileType = sourcecode.swift; path = "Bundle+.swift"; sourceTree = "<group>"; };
		93D487D92C8EBFC300AAB955 /* APIError.swift */ = {isa = PBXFileReference; lastKnownFileType = sourcecode.swift; path = APIError.swift; sourceTree = "<group>"; };
		93D487DB2C8ED19000AAB955 /* UIColor+.swift */ = {isa = PBXFileReference; lastKnownFileType = sourcecode.swift; path = "UIColor+.swift"; sourceTree = "<group>"; };
		93D487DD2C8ED75500AAB955 /* ImageCacheManager.swift */ = {isa = PBXFileReference; lastKnownFileType = sourcecode.swift; path = ImageCacheManager.swift; sourceTree = "<group>"; };
		93D487DF2C8EDBB900AAB955 /* ImageCacheManagerError.swift */ = {isa = PBXFileReference; lastKnownFileType = sourcecode.swift; path = ImageCacheManagerError.swift; sourceTree = "<group>"; };
/* End PBXFileReference section */

/* Begin PBXFileSystemSynchronizedRootGroup section */
		9364DD2E2CDCABBF0054D824 /* APODTests */ = {isa = PBXFileSystemSynchronizedRootGroup; explicitFileTypes = {}; explicitFolders = (); path = APODTests; sourceTree = "<group>"; };
/* End PBXFileSystemSynchronizedRootGroup section */

/* Begin PBXFrameworksBuildPhase section */
		931676D92C8DBC11001FAE70 /* Frameworks */ = {
			isa = PBXFrameworksBuildPhase;
			buildActionMask = 2147483647;
			files = (
			);
			runOnlyForDeploymentPostprocessing = 0;
		};
		9364DD2A2CDCABBF0054D824 /* Frameworks */ = {
			isa = PBXFrameworksBuildPhase;
			buildActionMask = 2147483647;
			files = (
			);
			runOnlyForDeploymentPostprocessing = 0;
		};
/* End PBXFrameworksBuildPhase section */

/* Begin PBXGroup section */
		931676D32C8DBC11001FAE70 = {
			isa = PBXGroup;
			children = (
				931676DE2C8DBC11001FAE70 /* APOD */,
				9364DD2E2CDCABBF0054D824 /* APODTests */,
				931676DD2C8DBC11001FAE70 /* Products */,
			);
			sourceTree = "<group>";
		};
		931676DD2C8DBC11001FAE70 /* Products */ = {
			isa = PBXGroup;
			children = (
				931676DC2C8DBC11001FAE70 /* APOD.app */,
				9364DD2D2CDCABBF0054D824 /* APODTests.xctest */,
			);
			name = Products;
			sourceTree = "<group>";
		};
		931676DE2C8DBC11001FAE70 /* APOD */ = {
			isa = PBXGroup;
			children = (
				931676DF2C8DBC11001FAE70 /* AppDelegate.swift */,
				931676E12C8DBC11001FAE70 /* SceneDelegate.swift */,
				93BAA1842C903D7D003884AC /* Model */,
				93BAA1852C903D98003884AC /* View+Controller */,
				93BAA1882C903EC3003884AC /* Network */,
				93BAA1892C903F75003884AC /* Utility */,
				93BAA1872C903DC8003884AC /* Extensions */,
				93BAA1862C903DB4003884AC /* Resources */,
			);
			path = APOD;
			sourceTree = "<group>";
		};
		93BAA1842C903D7D003884AC /* Model */ = {
			isa = PBXGroup;
			children = (
				93D487D32C8EBE3D00AAB955 /* Apod.swift */,
			);
			path = Model;
			sourceTree = "<group>";
		};
		93BAA1852C903D98003884AC /* View+Controller */ = {
			isa = PBXGroup;
			children = (
				931676E32C8DBC11001FAE70 /* ViewController.swift */,
			);
			path = "View+Controller";
			sourceTree = "<group>";
		};
		93BAA1862C903DB4003884AC /* Resources */ = {
			isa = PBXGroup;
			children = (
				931676E82C8DBC13001FAE70 /* Assets.xcassets */,
				931676EA2C8DBC13001FAE70 /* LaunchScreen.storyboard */,
				931676ED2C8DBC13001FAE70 /* Info.plist */,
				931676F42C8DC20A001FAE70 /* Secret.xcconfig */,
			);
			path = Resources;
			sourceTree = "<group>";
		};
		93BAA1872C903DC8003884AC /* Extensions */ = {
			isa = PBXGroup;
			children = (
				93D487D72C8EBF4E00AAB955 /* Bundle+.swift */,
				93D487DB2C8ED19000AAB955 /* UIColor+.swift */,
			);
			path = Extensions;
			sourceTree = "<group>";
		};
		93BAA1882C903EC3003884AC /* Network */ = {
			isa = PBXGroup;
			children = (
				93D487D52C8EBEDB00AAB955 /* APICaller.swift */,
				93D487D92C8EBFC300AAB955 /* APIError.swift */,
				936AF8842CAC1D96005D36B6 /* MediaType.swift */,
			);
			path = Network;
			sourceTree = "<group>";
		};
		93BAA1892C903F75003884AC /* Utility */ = {
			isa = PBXGroup;
			children = (
				93D487DD2C8ED75500AAB955 /* ImageCacheManager.swift */,
				93D487DF2C8EDBB900AAB955 /* ImageCacheManagerError.swift */,
			);
			path = Utility;
			sourceTree = "<group>";
		};
/* End PBXGroup section */

/* Begin PBXNativeTarget section */
		931676DB2C8DBC11001FAE70 /* APOD */ = {
			isa = PBXNativeTarget;
			buildConfigurationList = 931676F02C8DBC13001FAE70 /* Build configuration list for PBXNativeTarget "APOD" */;
			buildPhases = (
				931676D82C8DBC11001FAE70 /* Sources */,
				931676D92C8DBC11001FAE70 /* Frameworks */,
				931676DA2C8DBC11001FAE70 /* Resources */,
			);
			buildRules = (
			);
			dependencies = (
			);
			name = APOD;
			productName = APOD;
			productReference = 931676DC2C8DBC11001FAE70 /* APOD.app */;
			productType = "com.apple.product-type.application";
		};
		9364DD2C2CDCABBF0054D824 /* APODTests */ = {
			isa = PBXNativeTarget;
			buildConfigurationList = 9364DD352CDCABBF0054D824 /* Build configuration list for PBXNativeTarget "APODTests" */;
			buildPhases = (
				9364DD292CDCABBF0054D824 /* Sources */,
				9364DD2A2CDCABBF0054D824 /* Frameworks */,
				9364DD2B2CDCABBF0054D824 /* Resources */,
			);
			buildRules = (
			);
			dependencies = (
				9364DD322CDCABBF0054D824 /* PBXTargetDependency */,
			);
			fileSystemSynchronizedGroups = (
				9364DD2E2CDCABBF0054D824 /* APODTests */,
			);
			name = APODTests;
			packageProductDependencies = (
			);
			productName = APODTests;
			productReference = 9364DD2D2CDCABBF0054D824 /* APODTests.xctest */;
			productType = "com.apple.product-type.bundle.unit-test";
		};
/* End PBXNativeTarget section */

/* Begin PBXProject section */
		931676D42C8DBC11001FAE70 /* Project object */ = {
			isa = PBXProject;
			attributes = {
				BuildIndependentTargetsInParallel = 1;
				LastSwiftUpdateCheck = 1610;
				LastUpgradeCheck = 1540;
				TargetAttributes = {
					931676DB2C8DBC11001FAE70 = {
						CreatedOnToolsVersion = 15.4;
					};
					9364DD2C2CDCABBF0054D824 = {
						CreatedOnToolsVersion = 16.1;
						TestTargetID = 931676DB2C8DBC11001FAE70;
					};
				};
			};
			buildConfigurationList = 931676D72C8DBC11001FAE70 /* Build configuration list for PBXProject "APOD" */;
			compatibilityVersion = "Xcode 14.0";
			developmentRegion = en;
			hasScannedForEncodings = 0;
			knownRegions = (
				en,
				Base,
			);
			mainGroup = 931676D32C8DBC11001FAE70;
			productRefGroup = 931676DD2C8DBC11001FAE70 /* Products */;
			projectDirPath = "";
			projectRoot = "";
			targets = (
				931676DB2C8DBC11001FAE70 /* APOD */,
				9364DD2C2CDCABBF0054D824 /* APODTests */,
			);
		};
/* End PBXProject section */

/* Begin PBXResourcesBuildPhase section */
		931676DA2C8DBC11001FAE70 /* Resources */ = {
			isa = PBXResourcesBuildPhase;
			buildActionMask = 2147483647;
			files = (
				931676E92C8DBC13001FAE70 /* Assets.xcassets in Resources */,
				931676EC2C8DBC13001FAE70 /* Base in Resources */,
			);
			runOnlyForDeploymentPostprocessing = 0;
		};
		9364DD2B2CDCABBF0054D824 /* Resources */ = {
			isa = PBXResourcesBuildPhase;
			buildActionMask = 2147483647;
			files = (
			);
			runOnlyForDeploymentPostprocessing = 0;
		};
/* End PBXResourcesBuildPhase section */

/* Begin PBXSourcesBuildPhase section */
		931676D82C8DBC11001FAE70 /* Sources */ = {
			isa = PBXSourcesBuildPhase;
			buildActionMask = 2147483647;
			files = (
				931676E42C8DBC11001FAE70 /* ViewController.swift in Sources */,
				93D487DC2C8ED19000AAB955 /* UIColor+.swift in Sources */,
				93D487D42C8EBE3D00AAB955 /* Apod.swift in Sources */,
				931676E02C8DBC11001FAE70 /* AppDelegate.swift in Sources */,
				93D487D82C8EBF4E00AAB955 /* Bundle+.swift in Sources */,
				93D487DE2C8ED75500AAB955 /* ImageCacheManager.swift in Sources */,
				93D487D62C8EBEDB00AAB955 /* APICaller.swift in Sources */,
				93D487E02C8EDBB900AAB955 /* ImageCacheManagerError.swift in Sources */,
				931676E22C8DBC11001FAE70 /* SceneDelegate.swift in Sources */,
				936AF8852CAC1D96005D36B6 /* MediaType.swift in Sources */,
				93D487DA2C8EBFC300AAB955 /* APIError.swift in Sources */,
			);
			runOnlyForDeploymentPostprocessing = 0;
		};
		9364DD292CDCABBF0054D824 /* Sources */ = {
			isa = PBXSourcesBuildPhase;
			buildActionMask = 2147483647;
			files = (
			);
			runOnlyForDeploymentPostprocessing = 0;
		};
/* End PBXSourcesBuildPhase section */

/* Begin PBXTargetDependency section */
		9364DD322CDCABBF0054D824 /* PBXTargetDependency */ = {
			isa = PBXTargetDependency;
			target = 931676DB2C8DBC11001FAE70 /* APOD */;
			targetProxy = 9364DD312CDCABBF0054D824 /* PBXContainerItemProxy */;
		};
/* End PBXTargetDependency section */

/* Begin PBXVariantGroup section */
		931676EA2C8DBC13001FAE70 /* LaunchScreen.storyboard */ = {
			isa = PBXVariantGroup;
			children = (
				931676EB2C8DBC13001FAE70 /* Base */,
			);
			name = LaunchScreen.storyboard;
			sourceTree = "<group>";
		};
/* End PBXVariantGroup section */

/* Begin XCBuildConfiguration section */
		931676EE2C8DBC13001FAE70 /* Debug */ = {
			isa = XCBuildConfiguration;
			buildSettings = {
				ALWAYS_SEARCH_USER_PATHS = NO;
				ASSETCATALOG_COMPILER_GENERATE_SWIFT_ASSET_SYMBOL_EXTENSIONS = YES;
				CLANG_ANALYZER_NONNULL = YES;
				CLANG_ANALYZER_NUMBER_OBJECT_CONVERSION = YES_AGGRESSIVE;
				CLANG_CXX_LANGUAGE_STANDARD = "gnu++20";
				CLANG_ENABLE_MODULES = YES;
				CLANG_ENABLE_OBJC_ARC = YES;
				CLANG_ENABLE_OBJC_WEAK = YES;
				CLANG_WARN_BLOCK_CAPTURE_AUTORELEASING = YES;
				CLANG_WARN_BOOL_CONVERSION = YES;
				CLANG_WARN_COMMA = YES;
				CLANG_WARN_CONSTANT_CONVERSION = YES;
				CLANG_WARN_DEPRECATED_OBJC_IMPLEMENTATIONS = YES;
				CLANG_WARN_DIRECT_OBJC_ISA_USAGE = YES_ERROR;
				CLANG_WARN_DOCUMENTATION_COMMENTS = YES;
				CLANG_WARN_EMPTY_BODY = YES;
				CLANG_WARN_ENUM_CONVERSION = YES;
				CLANG_WARN_INFINITE_RECURSION = YES;
				CLANG_WARN_INT_CONVERSION = YES;
				CLANG_WARN_NON_LITERAL_NULL_CONVERSION = YES;
				CLANG_WARN_OBJC_IMPLICIT_RETAIN_SELF = YES;
				CLANG_WARN_OBJC_LITERAL_CONVERSION = YES;
				CLANG_WARN_OBJC_ROOT_CLASS = YES_ERROR;
				CLANG_WARN_QUOTED_INCLUDE_IN_FRAMEWORK_HEADER = YES;
				CLANG_WARN_RANGE_LOOP_ANALYSIS = YES;
				CLANG_WARN_STRICT_PROTOTYPES = YES;
				CLANG_WARN_SUSPICIOUS_MOVE = YES;
				CLANG_WARN_UNGUARDED_AVAILABILITY = YES_AGGRESSIVE;
				CLANG_WARN_UNREACHABLE_CODE = YES;
				CLANG_WARN__DUPLICATE_METHOD_MATCH = YES;
				COPY_PHASE_STRIP = NO;
				DEBUG_INFORMATION_FORMAT = dwarf;
				ENABLE_STRICT_OBJC_MSGSEND = YES;
				ENABLE_TESTABILITY = YES;
				ENABLE_USER_SCRIPT_SANDBOXING = YES;
				GCC_C_LANGUAGE_STANDARD = gnu17;
				GCC_DYNAMIC_NO_PIC = NO;
				GCC_NO_COMMON_BLOCKS = YES;
				GCC_OPTIMIZATION_LEVEL = 0;
				GCC_PREPROCESSOR_DEFINITIONS = (
					"DEBUG=1",
					"$(inherited)",
				);
				GCC_WARN_64_TO_32_BIT_CONVERSION = YES;
				GCC_WARN_ABOUT_RETURN_TYPE = YES_ERROR;
				GCC_WARN_UNDECLARED_SELECTOR = YES;
				GCC_WARN_UNINITIALIZED_AUTOS = YES_AGGRESSIVE;
				GCC_WARN_UNUSED_FUNCTION = YES;
				GCC_WARN_UNUSED_VARIABLE = YES;
				IPHONEOS_DEPLOYMENT_TARGET = 17.5;
				LOCALIZATION_PREFERS_STRING_CATALOGS = YES;
				MTL_ENABLE_DEBUG_INFO = INCLUDE_SOURCE;
				MTL_FAST_MATH = YES;
				ONLY_ACTIVE_ARCH = YES;
				SDKROOT = iphoneos;
				SWIFT_ACTIVE_COMPILATION_CONDITIONS = "DEBUG $(inherited)";
				SWIFT_OPTIMIZATION_LEVEL = "-Onone";
			};
			name = Debug;
		};
		931676EF2C8DBC13001FAE70 /* Release */ = {
			isa = XCBuildConfiguration;
			buildSettings = {
				ALWAYS_SEARCH_USER_PATHS = NO;
				ASSETCATALOG_COMPILER_GENERATE_SWIFT_ASSET_SYMBOL_EXTENSIONS = YES;
				CLANG_ANALYZER_NONNULL = YES;
				CLANG_ANALYZER_NUMBER_OBJECT_CONVERSION = YES_AGGRESSIVE;
				CLANG_CXX_LANGUAGE_STANDARD = "gnu++20";
				CLANG_ENABLE_MODULES = YES;
				CLANG_ENABLE_OBJC_ARC = YES;
				CLANG_ENABLE_OBJC_WEAK = YES;
				CLANG_WARN_BLOCK_CAPTURE_AUTORELEASING = YES;
				CLANG_WARN_BOOL_CONVERSION = YES;
				CLANG_WARN_COMMA = YES;
				CLANG_WARN_CONSTANT_CONVERSION = YES;
				CLANG_WARN_DEPRECATED_OBJC_IMPLEMENTATIONS = YES;
				CLANG_WARN_DIRECT_OBJC_ISA_USAGE = YES_ERROR;
				CLANG_WARN_DOCUMENTATION_COMMENTS = YES;
				CLANG_WARN_EMPTY_BODY = YES;
				CLANG_WARN_ENUM_CONVERSION = YES;
				CLANG_WARN_INFINITE_RECURSION = YES;
				CLANG_WARN_INT_CONVERSION = YES;
				CLANG_WARN_NON_LITERAL_NULL_CONVERSION = YES;
				CLANG_WARN_OBJC_IMPLICIT_RETAIN_SELF = YES;
				CLANG_WARN_OBJC_LITERAL_CONVERSION = YES;
				CLANG_WARN_OBJC_ROOT_CLASS = YES_ERROR;
				CLANG_WARN_QUOTED_INCLUDE_IN_FRAMEWORK_HEADER = YES;
				CLANG_WARN_RANGE_LOOP_ANALYSIS = YES;
				CLANG_WARN_STRICT_PROTOTYPES = YES;
				CLANG_WARN_SUSPICIOUS_MOVE = YES;
				CLANG_WARN_UNGUARDED_AVAILABILITY = YES_AGGRESSIVE;
				CLANG_WARN_UNREACHABLE_CODE = YES;
				CLANG_WARN__DUPLICATE_METHOD_MATCH = YES;
				COPY_PHASE_STRIP = NO;
				DEBUG_INFORMATION_FORMAT = "dwarf-with-dsym";
				ENABLE_NS_ASSERTIONS = NO;
				ENABLE_STRICT_OBJC_MSGSEND = YES;
				ENABLE_USER_SCRIPT_SANDBOXING = YES;
				GCC_C_LANGUAGE_STANDARD = gnu17;
				GCC_NO_COMMON_BLOCKS = YES;
				GCC_WARN_64_TO_32_BIT_CONVERSION = YES;
				GCC_WARN_ABOUT_RETURN_TYPE = YES_ERROR;
				GCC_WARN_UNDECLARED_SELECTOR = YES;
				GCC_WARN_UNINITIALIZED_AUTOS = YES_AGGRESSIVE;
				GCC_WARN_UNUSED_FUNCTION = YES;
				GCC_WARN_UNUSED_VARIABLE = YES;
				IPHONEOS_DEPLOYMENT_TARGET = 17.5;
				LOCALIZATION_PREFERS_STRING_CATALOGS = YES;
				MTL_ENABLE_DEBUG_INFO = NO;
				MTL_FAST_MATH = YES;
				SDKROOT = iphoneos;
				SWIFT_COMPILATION_MODE = wholemodule;
				VALIDATE_PRODUCT = YES;
			};
			name = Release;
		};
		931676F12C8DBC13001FAE70 /* Debug */ = {
			isa = XCBuildConfiguration;
			baseConfigurationReference = 931676F42C8DC20A001FAE70 /* Secret.xcconfig */;
			buildSettings = {
				ASSETCATALOG_COMPILER_APPICON_NAME = AppIcon;
				ASSETCATALOG_COMPILER_GLOBAL_ACCENT_COLOR_NAME = AccentColor;
				CODE_SIGN_STYLE = Automatic;
				CURRENT_PROJECT_VERSION = 1;
				DEVELOPMENT_TEAM = L82T6AAQ34;
				GENERATE_INFOPLIST_FILE = YES;
				INFOPLIST_FILE = APOD/Resources/Info.plist;
				INFOPLIST_KEY_UIApplicationSupportsIndirectInputEvents = YES;
				INFOPLIST_KEY_UILaunchStoryboardName = LaunchScreen;
				INFOPLIST_KEY_UISupportedInterfaceOrientations_iPad = "UIInterfaceOrientationPortrait UIInterfaceOrientationPortraitUpsideDown UIInterfaceOrientationLandscapeLeft UIInterfaceOrientationLandscapeRight";
				INFOPLIST_KEY_UISupportedInterfaceOrientations_iPhone = "UIInterfaceOrientationPortrait UIInterfaceOrientationLandscapeLeft UIInterfaceOrientationLandscapeRight";
				LD_RUNPATH_SEARCH_PATHS = (
					"$(inherited)",
					"@executable_path/Frameworks",
				);
				MARKETING_VERSION = 1.0;
				PRODUCT_BUNDLE_IDENTIFIER = com.jp.APOD;
				PRODUCT_NAME = "$(TARGET_NAME)";
				SWIFT_EMIT_LOC_STRINGS = YES;
				SWIFT_VERSION = 5.0;
				TARGETED_DEVICE_FAMILY = "1,2";
			};
			name = Debug;
		};
		931676F22C8DBC13001FAE70 /* Release */ = {
			isa = XCBuildConfiguration;
			buildSettings = {
				ASSETCATALOG_COMPILER_APPICON_NAME = AppIcon;
				ASSETCATALOG_COMPILER_GLOBAL_ACCENT_COLOR_NAME = AccentColor;
				CODE_SIGN_STYLE = Automatic;
				CURRENT_PROJECT_VERSION = 1;
				DEVELOPMENT_TEAM = L82T6AAQ34;
				GENERATE_INFOPLIST_FILE = YES;
				INFOPLIST_FILE = APOD/Resources/Info.plist;
				INFOPLIST_KEY_UIApplicationSupportsIndirectInputEvents = YES;
				INFOPLIST_KEY_UILaunchStoryboardName = LaunchScreen;
				INFOPLIST_KEY_UISupportedInterfaceOrientations_iPad = "UIInterfaceOrientationPortrait UIInterfaceOrientationPortraitUpsideDown UIInterfaceOrientationLandscapeLeft UIInterfaceOrientationLandscapeRight";
				INFOPLIST_KEY_UISupportedInterfaceOrientations_iPhone = "UIInterfaceOrientationPortrait UIInterfaceOrientationLandscapeLeft UIInterfaceOrientationLandscapeRight";
				LD_RUNPATH_SEARCH_PATHS = (
					"$(inherited)",
					"@executable_path/Frameworks",
				);
				MARKETING_VERSION = 1.0;
				PRODUCT_BUNDLE_IDENTIFIER = com.jp.APOD;
				PRODUCT_NAME = "$(TARGET_NAME)";
				SWIFT_EMIT_LOC_STRINGS = YES;
				SWIFT_VERSION = 5.0;
				TARGETED_DEVICE_FAMILY = "1,2";
			};
			name = Release;
		};
		9364DD332CDCABBF0054D824 /* Debug */ = {
			isa = XCBuildConfiguration;
			buildSettings = {
				BUNDLE_LOADER = "$(TEST_HOST)";
				CODE_SIGN_STYLE = Automatic;
				CURRENT_PROJECT_VERSION = 1;
				GENERATE_INFOPLIST_FILE = YES;
				IPHONEOS_DEPLOYMENT_TARGET = 18.1;
				MACOSX_DEPLOYMENT_TARGET = 15.1;
				MARKETING_VERSION = 1.0;
				PRODUCT_BUNDLE_IDENTIFIER = com.jp.APODTests;
				PRODUCT_NAME = "$(TARGET_NAME)";
				SDKROOT = auto;
				SUPPORTED_PLATFORMS = "iphoneos iphonesimulator macosx xros xrsimulator";
				SWIFT_EMIT_LOC_STRINGS = NO;
				SWIFT_VERSION = 5.0;
				TARGETED_DEVICE_FAMILY = "1,2,7";
				TEST_HOST = "$(BUILT_PRODUCTS_DIR)/APOD.app/$(BUNDLE_EXECUTABLE_FOLDER_PATH)/APOD";
				XROS_DEPLOYMENT_TARGET = 2.1;
			};
			name = Debug;
		};
		9364DD342CDCABBF0054D824 /* Release */ = {
			isa = XCBuildConfiguration;
			buildSettings = {
				BUNDLE_LOADER = "$(TEST_HOST)";
				CODE_SIGN_STYLE = Automatic;
				CURRENT_PROJECT_VERSION = 1;
				GENERATE_INFOPLIST_FILE = YES;
				IPHONEOS_DEPLOYMENT_TARGET = 18.1;
				MACOSX_DEPLOYMENT_TARGET = 15.1;
				MARKETING_VERSION = 1.0;
				PRODUCT_BUNDLE_IDENTIFIER = com.jp.APODTests;
				PRODUCT_NAME = "$(TARGET_NAME)";
				SDKROOT = auto;
				SUPPORTED_PLATFORMS = "iphoneos iphonesimulator macosx xros xrsimulator";
				SWIFT_EMIT_LOC_STRINGS = NO;
				SWIFT_VERSION = 5.0;
				TARGETED_DEVICE_FAMILY = "1,2,7";
				TEST_HOST = "$(BUILT_PRODUCTS_DIR)/APOD.app/$(BUNDLE_EXECUTABLE_FOLDER_PATH)/APOD";
				XROS_DEPLOYMENT_TARGET = 2.1;
			};
			name = Release;
		};
/* End XCBuildConfiguration section */

/* Begin XCConfigurationList section */
		931676D72C8DBC11001FAE70 /* Build configuration list for PBXProject "APOD" */ = {
			isa = XCConfigurationList;
			buildConfigurations = (
				931676EE2C8DBC13001FAE70 /* Debug */,
				931676EF2C8DBC13001FAE70 /* Release */,
			);
			defaultConfigurationIsVisible = 0;
			defaultConfigurationName = Release;
		};
		931676F02C8DBC13001FAE70 /* Build configuration list for PBXNativeTarget "APOD" */ = {
			isa = XCConfigurationList;
			buildConfigurations = (
				931676F12C8DBC13001FAE70 /* Debug */,
				931676F22C8DBC13001FAE70 /* Release */,
			);
			defaultConfigurationIsVisible = 0;
			defaultConfigurationName = Release;
		};
		9364DD352CDCABBF0054D824 /* Build configuration list for PBXNativeTarget "APODTests" */ = {
			isa = XCConfigurationList;
			buildConfigurations = (
				9364DD332CDCABBF0054D824 /* Debug */,
				9364DD342CDCABBF0054D824 /* Release */,
			);
			defaultConfigurationIsVisible = 0;
			defaultConfigurationName = Release;
		};
/* End XCConfigurationList section */
	};
	rootObject = 931676D42C8DBC11001FAE70 /* Project object */;
}
